// !$*UTF8*$!
{
	archiveVersion = 1;
	classes = {
	};
	objectVersion = 48;
	objects = {

/* Begin PBXBuildFile section */
		03B346352144D5D600949009 /* AppDelegate.swift in Sources */ = {isa = PBXBuildFile; fileRef = 03B346342144D5D600949009 /* AppDelegate.swift */; };
		03B346372144D5D600949009 /* ViewController.swift in Sources */ = {isa = PBXBuildFile; fileRef = 03B346362144D5D600949009 /* ViewController.swift */; };
		03B3463A2144D5D600949009 /* Main.storyboard in Resources */ = {isa = PBXBuildFile; fileRef = 03B346382144D5D600949009 /* Main.storyboard */; };
		03B3463C2144D5D600949009 /* Assets.xcassets in Resources */ = {isa = PBXBuildFile; fileRef = 03B3463B2144D5D600949009 /* Assets.xcassets */; };
		03B3463F2144D5D600949009 /* LaunchScreen.storyboard in Resources */ = {isa = PBXBuildFile; fileRef = 03B3463D2144D5D600949009 /* LaunchScreen.storyboard */; };
		03B3464A2144D5D600949009 /* First_swiftTests.swift in Sources */ = {isa = PBXBuildFile; fileRef = 03B346492144D5D600949009 /* First_swiftTests.swift */; };
		03B346552144D5D600949009 /* First_swiftUITests.swift in Sources */ = {isa = PBXBuildFile; fileRef = 03B346542144D5D600949009 /* First_swiftUITests.swift */; };
/* End PBXBuildFile section */

/* Begin PBXContainerItemProxy section */
		03B346462144D5D600949009 /* PBXContainerItemProxy */ = {
			isa = PBXContainerItemProxy;
			containerPortal = 03B346292144D5D500949009 /* Project object */;
			proxyType = 1;
			remoteGlobalIDString = 03B346302144D5D600949009;
			remoteInfo = First_swift;
		};
		03B346512144D5D600949009 /* PBXContainerItemProxy */ = {
			isa = PBXContainerItemProxy;
			containerPortal = 03B346292144D5D500949009 /* Project object */;
			proxyType = 1;
			remoteGlobalIDString = 03B346302144D5D600949009;
			remoteInfo = First_swift;
		};
/* End PBXContainerItemProxy section */

/* Begin PBXFileReference section */
		03B346312144D5D600949009 /* First_swift.app */ = {isa = PBXFileReference; explicitFileType = wrapper.application; includeInIndex = 0; path = First_swift.app; sourceTree = BUILT_PRODUCTS_DIR; };
		03B346342144D5D600949009 /* AppDelegate.swift */ = {isa = PBXFileReference; lastKnownFileType = sourcecode.swift; path = AppDelegate.swift; sourceTree = "<group>"; };
		03B346362144D5D600949009 /* ViewController.swift */ = {isa = PBXFileReference; lastKnownFileType = sourcecode.swift; path = ViewController.swift; sourceTree = "<group>"; };
		03B346392144D5D600949009 /* Base */ = {isa = PBXFileReference; lastKnownFileType = file.storyboard; name = Base; path = Base.lproj/Main.storyboard; sourceTree = "<group>"; };
		03B3463B2144D5D600949009 /* Assets.xcassets */ = {isa = PBXFileReference; lastKnownFileType = folder.assetcatalog; path = Assets.xcassets; sourceTree = "<group>"; };
		03B3463E2144D5D600949009 /* Base */ = {isa = PBXFileReference; lastKnownFileType = file.storyboard; name = Base; path = Base.lproj/LaunchScreen.storyboard; sourceTree = "<group>"; };
		03B346402144D5D600949009 /* Info.plist */ = {isa = PBXFileReference; lastKnownFileType = text.plist.xml; path = Info.plist; sourceTree = "<group>"; };
		03B346452144D5D600949009 /* First_swiftTests.xctest */ = {isa = PBXFileReference; explicitFileType = wrapper.cfbundle; includeInIndex = 0; path = First_swiftTests.xctest; sourceTree = BUILT_PRODUCTS_DIR; };
		03B346492144D5D600949009 /* First_swiftTests.swift */ = {isa = PBXFileReference; lastKnownFileType = sourcecode.swift; path = First_swiftTests.swift; sourceTree = "<group>"; };
		03B3464B2144D5D600949009 /* Info.plist */ = {isa = PBXFileReference; lastKnownFileType = text.plist.xml; path = Info.plist; sourceTree = "<group>"; };
		03B346502144D5D600949009 /* First_swiftUITests.xctest */ = {isa = PBXFileReference; explicitFileType = wrapper.cfbundle; includeInIndex = 0; path = First_swiftUITests.xctest; sourceTree = BUILT_PRODUCTS_DIR; };
		03B346542144D5D600949009 /* First_swiftUITests.swift */ = {isa = PBXFileReference; lastKnownFileType = sourcecode.swift; path = First_swiftUITests.swift; sourceTree = "<group>"; };
		03B346562144D5D600949009 /* Info.plist */ = {isa = PBXFileReference; lastKnownFileType = text.plist.xml; path = Info.plist; sourceTree = "<group>"; };
/* End PBXFileReference section */

/* Begin PBXFrameworksBuildPhase section */
		03B3462E2144D5D600949009 /* Frameworks */ = {
			isa = PBXFrameworksBuildPhase;
			buildActionMask = 2147483647;
			files = (
			);
			runOnlyForDeploymentPostprocessing = 0;
		};
		03B346422144D5D600949009 /* Frameworks */ = {
			isa = PBXFrameworksBuildPhase;
			buildActionMask = 2147483647;
			files = (
			);
			runOnlyForDeploymentPostprocessing = 0;
		};
		03B3464D2144D5D600949009 /* Frameworks */ = {
			isa = PBXFrameworksBuildPhase;
			buildActionMask = 2147483647;
			files = (
			);
			runOnlyForDeploymentPostprocessing = 0;
		};
/* End PBXFrameworksBuildPhase section */

/* Begin PBXGroup section */
		03B346282144D5D500949009 = {
			isa = PBXGroup;
			children = (
				03B346332144D5D600949009 /* First_swift */,
				03B346482144D5D600949009 /* First_swiftTests */,
				03B346532144D5D600949009 /* First_swiftUITests */,
				03B346322144D5D600949009 /* Products */,
			);
			sourceTree = "<group>";
		};
		03B346322144D5D600949009 /* Products */ = {
			isa = PBXGroup;
			children = (
				03B346312144D5D600949009 /* First_swift.app */,
				03B346452144D5D600949009 /* First_swiftTests.xctest */,
				03B346502144D5D600949009 /* First_swiftUITests.xctest */,
			);
			name = Products;
			sourceTree = "<group>";
		};
		03B346332144D5D600949009 /* First_swift */ = {
			isa = PBXGroup;
			children = (
				03B346342144D5D600949009 /* AppDelegate.swift */,
				03B346362144D5D600949009 /* ViewController.swift */,
				03B346382144D5D600949009 /* Main.storyboard */,
				03B3463B2144D5D600949009 /* Assets.xcassets */,
				03B3463D2144D5D600949009 /* LaunchScreen.storyboard */,
				03B346402144D5D600949009 /* Info.plist */,
			);
			path = First_swift;
			sourceTree = "<group>";
		};
		03B346482144D5D600949009 /* First_swiftTests */ = {
			isa = PBXGroup;
			children = (
				03B346492144D5D600949009 /* First_swiftTests.swift */,
				03B3464B2144D5D600949009 /* Info.plist */,
			);
			path = First_swiftTests;
			sourceTree = "<group>";
		};
		03B346532144D5D600949009 /* First_swiftUITests */ = {
			isa = PBXGroup;
			children = (
				03B346542144D5D600949009 /* First_swiftUITests.swift */,
				03B346562144D5D600949009 /* Info.plist */,
			);
			path = First_swiftUITests;
			sourceTree = "<group>";
		};
/* End PBXGroup section */

/* Begin PBXNativeTarget section */
		03B346302144D5D600949009 /* First_swift */ = {
			isa = PBXNativeTarget;
			buildConfigurationList = 03B346592144D5D600949009 /* Build configuration list for PBXNativeTarget "First_swift" */;
			buildPhases = (
				03B3462D2144D5D600949009 /* Sources */,
				03B3462E2144D5D600949009 /* Frameworks */,
				03B3462F2144D5D600949009 /* Resources */,
			);
			buildRules = (
			);
			dependencies = (
			);
			name = First_swift;
			productName = First_swift;
			productReference = 03B346312144D5D600949009 /* First_swift.app */;
			productType = "com.apple.product-type.application";
		};
		03B346442144D5D600949009 /* First_swiftTests */ = {
			isa = PBXNativeTarget;
			buildConfigurationList = 03B3465C2144D5D600949009 /* Build configuration list for PBXNativeTarget "First_swiftTests" */;
			buildPhases = (
				03B346412144D5D600949009 /* Sources */,
				03B346422144D5D600949009 /* Frameworks */,
				03B346432144D5D600949009 /* Resources */,
			);
			buildRules = (
			);
			dependencies = (
				03B346472144D5D600949009 /* PBXTargetDependency */,
			);
			name = First_swiftTests;
			productName = First_swiftTests;
			productReference = 03B346452144D5D600949009 /* First_swiftTests.xctest */;
			productType = "com.apple.product-type.bundle.unit-test";
		};
		03B3464F2144D5D600949009 /* First_swiftUITests */ = {
			isa = PBXNativeTarget;
			buildConfigurationList = 03B3465F2144D5D600949009 /* Build configuration list for PBXNativeTarget "First_swiftUITests" */;
			buildPhases = (
				03B3464C2144D5D600949009 /* Sources */,
				03B3464D2144D5D600949009 /* Frameworks */,
				03B3464E2144D5D600949009 /* Resources */,
			);
			buildRules = (
			);
			dependencies = (
				03B346522144D5D600949009 /* PBXTargetDependency */,
			);
			name = First_swiftUITests;
			productName = First_swiftUITests;
			productReference = 03B346502144D5D600949009 /* First_swiftUITests.xctest */;
			productType = "com.apple.product-type.bundle.ui-testing";
		};
/* End PBXNativeTarget section */

/* Begin PBXProject section */
		03B346292144D5D500949009 /* Project object */ = {
			isa = PBXProject;
			attributes = {
				LastSwiftUpdateCheck = 0910;
				LastUpgradeCheck = 0910;
				ORGANIZATIONNAME = "Ahmet ";
				TargetAttributes = {
					03B346302144D5D600949009 = {
						CreatedOnToolsVersion = 9.1;
						ProvisioningStyle = Automatic;
					};
					03B346442144D5D600949009 = {
						CreatedOnToolsVersion = 9.1;
						ProvisioningStyle = Automatic;
						TestTargetID = 03B346302144D5D600949009;
					};
					03B3464F2144D5D600949009 = {
						CreatedOnToolsVersion = 9.1;
						ProvisioningStyle = Automatic;
						TestTargetID = 03B346302144D5D600949009;
					};
				};
			};
			buildConfigurationList = 03B3462C2144D5D500949009 /* Build configuration list for PBXProject "First_swift" */;
			compatibilityVersion = "Xcode 8.0";
			developmentRegion = en;
			hasScannedForEncodings = 0;
			knownRegions = (
				en,
				Base,
			);
			mainGroup = 03B346282144D5D500949009;
			productRefGroup = 03B346322144D5D600949009 /* Products */;
			projectDirPath = "";
			projectRoot = "";
			targets = (
				03B346302144D5D600949009 /* First_swift */,
				03B346442144D5D600949009 /* First_swiftTests */,
				03B3464F2144D5D600949009 /* First_swiftUITests */,
			);
		};
/* End PBXProject section */

/* Begin PBXResourcesBuildPhase section */
		03B3462F2144D5D600949009 /* Resources */ = {
			isa = PBXResourcesBuildPhase;
			buildActionMask = 2147483647;
			files = (
				03B3463F2144D5D600949009 /* LaunchScreen.storyboard in Resources */,
				03B3463C2144D5D600949009 /* Assets.xcassets in Resources */,
				03B3463A2144D5D600949009 /* Main.storyboard in Resources */,
			);
			runOnlyForDeploymentPostprocessing = 0;
		};
		03B346432144D5D600949009 /* Resources */ = {
			isa = PBXResourcesBuildPhase;
			buildActionMask = 2147483647;
			files = (
			);
			runOnlyForDeploymentPostprocessing = 0;
		};
		03B3464E2144D5D600949009 /* Resources */ = {
			isa = PBXResourcesBuildPhase;
			buildActionMask = 2147483647;
			files = (
			);
			runOnlyForDeploymentPostprocessing = 0;
		};
/* End PBXResourcesBuildPhase section */

/* Begin PBXSourcesBuildPhase section */
		03B3462D2144D5D600949009 /* Sources */ = {
			isa = PBXSourcesBuildPhase;
			buildActionMask = 2147483647;
			files = (
				03B346372144D5D600949009 /* ViewController.swift in Sources */,
				03B346352144D5D600949009 /* AppDelegate.swift in Sources */,
			);
			runOnlyForDeploymentPostprocessing = 0;
		};
		03B346412144D5D600949009 /* Sources */ = {
			isa = PBXSourcesBuildPhase;
			buildActionMask = 2147483647;
			files = (
				03B3464A2144D5D600949009 /* First_swiftTests.swift in Sources */,
			);
			runOnlyForDeploymentPostprocessing = 0;
		};
		03B3464C2144D5D600949009 /* Sources */ = {
			isa = PBXSourcesBuildPhase;
			buildActionMask = 2147483647;
			files = (
				03B346552144D5D600949009 /* First_swiftUITests.swift in Sources */,
			);
			runOnlyForDeploymentPostprocessing = 0;
		};
/* End PBXSourcesBuildPhase section */

/* Begin PBXTargetDependency section */
		03B346472144D5D600949009 /* PBXTargetDependency */ = {
			isa = PBXTargetDependency;
			target = 03B346302144D5D600949009 /* First_swift */;
			targetProxy = 03B346462144D5D600949009 /* PBXContainerItemProxy */;
		};
		03B346522144D5D600949009 /* PBXTargetDependency */ = {
			isa = PBXTargetDependency;
			target = 03B346302144D5D600949009 /* First_swift */;
			targetProxy = 03B346512144D5D600949009 /* PBXContainerItemProxy */;
		};
/* End PBXTargetDependency section */

/* Begin PBXVariantGroup section */
		03B346382144D5D600949009 /* Main.storyboard */ = {
			isa = PBXVariantGroup;
			children = (
				03B346392144D5D600949009 /* Base */,
			);
			name = Main.storyboard;
			sourceTree = "<group>";
		};
		03B3463D2144D5D600949009 /* LaunchScreen.storyboard */ = {
			isa = PBXVariantGroup;
			children = (
				03B3463E2144D5D600949009 /* Base */,
			);
			name = LaunchScreen.storyboard;
			sourceTree = "<group>";
		};
/* End PBXVariantGroup section */

/* Begin XCBuildConfiguration section */
		03B346572144D5D600949009 /* Debug */ = {
			isa = XCBuildConfiguration;
			buildSettings = {
				ALWAYS_SEARCH_USER_PATHS = NO;
				CLANG_ANALYZER_NONNULL = YES;
				CLANG_ANALYZER_NUMBER_OBJECT_CONVERSION = YES_AGGRESSIVE;
				CLANG_CXX_LANGUAGE_STANDARD = "gnu++14";
				CLANG_CXX_LIBRARY = "libc++";
				CLANG_ENABLE_MODULES = YES;
				CLANG_ENABLE_OBJC_ARC = YES;
				CLANG_WARN_BLOCK_CAPTURE_AUTORELEASING = YES;
				CLANG_WARN_BOOL_CONVERSION = YES;
				CLANG_WARN_COMMA = YES;
				CLANG_WARN_CONSTANT_CONVERSION = YES;
				CLANG_WARN_DIRECT_OBJC_ISA_USAGE = YES_ERROR;
				CLANG_WARN_DOCUMENTATION_COMMENTS = YES;
				CLANG_WARN_EMPTY_BODY = YES;
				CLANG_WARN_ENUM_CONVERSION = YES;
				CLANG_WARN_INFINITE_RECURSION = YES;
				CLANG_WARN_INT_CONVERSION = YES;
				CLANG_WARN_NON_LITERAL_NULL_CONVERSION = YES;
				CLANG_WARN_OBJC_LITERAL_CONVERSION = YES;
				CLANG_WARN_OBJC_ROOT_CLASS = YES_ERROR;
				CLANG_WARN_RANGE_LOOP_ANALYSIS = YES;
				CLANG_WARN_STRICT_PROTOTYPES = YES;
				CLANG_WARN_SUSPICIOUS_MOVE = YES;
				CLANG_WARN_UNGUARDED_AVAILABILITY = YES_AGGRESSIVE;
				CLANG_WARN_UNREACHABLE_CODE = YES;
				CLANG_WARN__DUPLICATE_METHOD_MATCH = YES;
				CODE_SIGN_IDENTITY = "iPhone Developer";
				COPY_PHASE_STRIP = NO;
				DEBUG_INFORMATION_FORMAT = dwarf;
				ENABLE_STRICT_OBJC_MSGSEND = YES;
				ENABLE_TESTABILITY = YES;
				GCC_C_LANGUAGE_STANDARD = gnu11;
				GCC_DYNAMIC_NO_PIC = NO;
				GCC_NO_COMMON_BLOCKS = YES;
				GCC_OPTIMIZATION_LEVEL = 0;
				GCC_PREPROCESSOR_DEFINITIONS = (
					"DEBUG=1",
					"$(inherited)",
				);
				GCC_WARN_64_TO_32_BIT_CONVERSION = YES;
				GCC_WARN_ABOUT_RETURN_TYPE = YES_ERROR;
				GCC_WARN_UNDECLARED_SELECTOR = YES;
				GCC_WARN_UNINITIALIZED_AUTOS = YES_AGGRESSIVE;
				GCC_WARN_UNUSED_FUNCTION = YES;
				GCC_WARN_UNUSED_VARIABLE = YES;
				IPHONEOS_DEPLOYMENT_TARGET = 11.1;
				MTL_ENABLE_DEBUG_INFO = YES;
				ONLY_ACTIVE_ARCH = YES;
				SDKROOT = iphoneos;
				SWIFT_ACTIVE_COMPILATION_CONDITIONS = DEBUG;
				SWIFT_OPTIMIZATION_LEVEL = "-Onone";
			};
			name = Debug;
		};
		03B346582144D5D600949009 /* Release */ = {
			isa = XCBuildConfiguration;
			buildSettings = {
				ALWAYS_SEARCH_USER_PATHS = NO;
				CLANG_ANALYZER_NONNULL = YES;
				CLANG_ANALYZER_NUMBER_OBJECT_CONVERSION = YES_AGGRESSIVE;
				CLANG_CXX_LANGUAGE_STANDARD = "gnu++14";
				CLANG_CXX_LIBRARY = "libc++";
				CLANG_ENABLE_MODULES = YES;
				CLANG_ENABLE_OBJC_ARC = YES;
				CLANG_WARN_BLOCK_CAPTURE_AUTORELEASING = YES;
				CLANG_WARN_BOOL_CONVERSION = YES;
				CLANG_WARN_COMMA = YES;
				CLANG_WARN_CONSTANT_CONVERSION = YES;
				CLANG_WARN_DIRECT_OBJC_ISA_USAGE = YES_ERROR;
				CLANG_WARN_DOCUMENTATION_COMMENTS = YES;
				CLANG_WARN_EMPTY_BODY = YES;
				CLANG_WARN_ENUM_CONVERSION = YES;
				CLANG_WARN_INFINITE_RECURSION = YES;
				CLANG_WARN_INT_CONVERSION = YES;
				CLANG_WARN_NON_LITERAL_NULL_CONVERSION = YES;
				CLANG_WARN_OBJC_LITERAL_CONVERSION = YES;
				CLANG_WARN_OBJC_ROOT_CLASS = YES_ERROR;
				CLANG_WARN_RANGE_LOOP_ANALYSIS = YES;
				CLANG_WARN_STRICT_PROTOTYPES = YES;
				CLANG_WARN_SUSPICIOUS_MOVE = YES;
				CLANG_WARN_UNGUARDED_AVAILABILITY = YES_AGGRESSIVE;
				CLANG_WARN_UNREACHABLE_CODE = YES;
				CLANG_WARN__DUPLICATE_METHOD_MATCH = YES;
				CODE_SIGN_IDENTITY = "iPhone Developer";
				COPY_PHASE_STRIP = NO;
				DEBUG_INFORMATION_FORMAT = "dwarf-with-dsym";
				ENABLE_NS_ASSERTIONS = NO;
				ENABLE_STRICT_OBJC_MSGSEND = YES;
				GCC_C_LANGUAGE_STANDARD = gnu11;
				GCC_NO_COMMON_BLOCKS = YES;
				GCC_WARN_64_TO_32_BIT_CONVERSION = YES;
				GCC_WARN_ABOUT_RETURN_TYPE = YES_ERROR;
				GCC_WARN_UNDECLARED_SELECTOR = YES;
				GCC_WARN_UNINITIALIZED_AUTOS = YES_AGGRESSIVE;
				GCC_WARN_UNUSED_FUNCTION = YES;
				GCC_WARN_UNUSED_VARIABLE = YES;
				IPHONEOS_DEPLOYMENT_TARGET = 11.1;
				MTL_ENABLE_DEBUG_INFO = NO;
				SDKROOT = iphoneos;
				SWIFT_OPTIMIZATION_LEVEL = "-Owholemodule";
				VALIDATE_PRODUCT = YES;
			};
			name = Release;
		};
		03B3465A2144D5D600949009 /* Debug */ = {
			isa = XCBuildConfiguration;
			buildSettings = {
				ASSETCATALOG_COMPILER_APPICON_NAME = AppIcon;
				CODE_SIGN_STYLE = Automatic;
				INFOPLIST_FILE = First_swift/Info.plist;
				LD_RUNPATH_SEARCH_PATHS = "$(inherited) @executable_path/Frameworks";
				PRODUCT_BUNDLE_IDENTIFIER = "mac.First-swift";
				PRODUCT_NAME = "$(TARGET_NAME)";
				SWIFT_VERSION = 4.0;
				TARGETED_DEVICE_FAMILY = "1,2";
			};
			name = Debug;
		};
		03B3465B2144D5D600949009 /* Release */ = {
			isa = XCBuildConfiguration;
			buildSettings = {
				ASSETCATALOG_COMPILER_APPICON_NAME = AppIcon;
				CODE_SIGN_STYLE = Automatic;
				INFOPLIST_FILE = First_swift/Info.plist;
				LD_RUNPATH_SEARCH_PATHS = "$(inherited) @executable_path/Frameworks";
				PRODUCT_BUNDLE_IDENTIFIER = "mac.First-swift";
				PRODUCT_NAME = "$(TARGET_NAME)";
				SWIFT_VERSION = 4.0;
				TARGETED_DEVICE_FAMILY = "1,2";
			};
			name = Release;
		};
		03B3465D2144D5D600949009 /* Debug */ = {
			isa = XCBuildConfiguration;
			buildSettings = {
				ALWAYS_EMBED_SWIFT_STANDARD_LIBRARIES = YES;
				BUNDLE_LOADER = "$(TEST_HOST)";
				CODE_SIGN_STYLE = Automatic;
				INFOPLIST_FILE = First_swiftTests/Info.plist;
				LD_RUNPATH_SEARCH_PATHS = "$(inherited) @executable_path/Frameworks @loader_path/Frameworks";
				PRODUCT_BUNDLE_IDENTIFIER = "mac.First-swiftTests";
				PRODUCT_NAME = "$(TARGET_NAME)";
				SWIFT_VERSION = 4.0;
				TARGETED_DEVICE_FAMILY = "1,2";
				TEST_HOST = "$(BUILT_PRODUCTS_DIR)/First_swift.app/First_swift";
			};
			name = Debug;
		};
		03B3465E2144D5D600949009 /* Release */ = {
			isa = XCBuildConfiguration;
			buildSettings = {
				ALWAYS_EMBED_SWIFT_STANDARD_LIBRARIES = YES;
				BUNDLE_LOADER = "$(TEST_HOST)";
				CODE_SIGN_STYLE = Automatic;
				INFOPLIST_FILE = First_swiftTests/Info.plist;
				LD_RUNPATH_SEARCH_PATHS = "$(inherited) @executable_path/Frameworks @loader_path/Frameworks";
				PRODUCT_BUNDLE_IDENTIFIER = "mac.First-swiftTests";
				PRODUCT_NAME = "$(TARGET_NAME)";
				SWIFT_VERSION = 4.0;
				TARGETED_DEVICE_FAMILY = "1,2";
				TEST_HOST = "$(BUILT_PRODUCTS_DIR)/First_swift.app/First_swift";
			};
			name = Release;
		};
		03B346602144D5D600949009 /* Debug */ = {
			isa = XCBuildConfiguration;
			buildSettings = {
				ALWAYS_EMBED_SWIFT_STANDARD_LIBRARIES = YES;
				CODE_SIGN_STYLE = Automatic;
				INFOPLIST_FILE = First_swiftUITests/Info.plist;
				LD_RUNPATH_SEARCH_PATHS = "$(inherited) @executable_path/Frameworks @loader_path/Frameworks";
				PRODUCT_BUNDLE_IDENTIFIER = "mac.First-swiftUITests";
				PRODUCT_NAME = "$(TARGET_NAME)";
				SWIFT_VERSION = 4.0;
				TARGETED_DEVICE_FAMILY = "1,2";
				TEST_TARGET_NAME = First_swift;
			};
			name = Debug;
		};
		03B346612144D5D600949009 /* Release */ = {
			isa = XCBuildConfiguration;
			buildSettings = {
				ALWAYS_EMBED_SWIFT_STANDARD_LIBRARIES = YES;
				CODE_SIGN_STYLE = Automatic;
				INFOPLIST_FILE = First_swiftUITests/Info.plist;
				LD_RUNPATH_SEARCH_PATHS = "$(inherited) @executable_path/Frameworks @loader_path/Frameworks";
				PRODUCT_BUNDLE_IDENTIFIER = "mac.First-swiftUITests";
				PRODUCT_NAME = "$(TARGET_NAME)";
				SWIFT_VERSION = 4.0;
				TARGETED_DEVICE_FAMILY = "1,2";
				TEST_TARGET_NAME = First_swift;
			};
			name = Release;
		};
/* End XCBuildConfiguration section */

/* Begin XCConfigurationList section */
		03B3462C2144D5D500949009 /* Build configuration list for PBXProject "First_swift" */ = {
			isa = XCConfigurationList;
			buildConfigurations = (
				03B346572144D5D600949009 /* Debug */,
				03B346582144D5D600949009 /* Release */,
			);
			defaultConfigurationIsVisible = 0;
			defaultConfigurationName = Release;
		};
		03B346592144D5D600949009 /* Build configuration list for PBXNativeTarget "First_swift" */ = {
			isa = XCConfigurationList;
			buildConfigurations = (
				03B3465A2144D5D600949009 /* Debug */,
				03B3465B2144D5D600949009 /* Release */,
			);
			defaultConfigurationIsVisible = 0;
			defaultConfigurationName = Release;
		};
		03B3465C2144D5D600949009 /* Build configuration list for PBXNativeTarget "First_swiftTests" */ = {
			isa = XCConfigurationList;
			buildConfigurations = (
				03B3465D2144D5D600949009 /* Debug */,
				03B3465E2144D5D600949009 /* Release */,
			);
			defaultConfigurationIsVisible = 0;
			defaultConfigurationName = Release;
		};
		03B3465F2144D5D600949009 /* Build configuration list for PBXNativeTarget "First_swiftUITests" */ = {
			isa = XCConfigurationList;
			buildConfigurations = (
				03B346602144D5D600949009 /* Debug */,
				03B346612144D5D600949009 /* Release */,
			);
			defaultConfigurationIsVisible = 0;
			defaultConfigurationName = Release;
		};
/* End XCConfigurationList section */
	};
	rootObject = 03B346292144D5D500949009 /* Project object */;
}
